
Microsoft Visual Studio Solution File, Format Version 12.00
# Visual Studio Version 17
VisualStudioVersion = 17.10.35004.147
MinimumVisualStudioVersion = 10.0.40219.1
Project("{FAE04EC0-301F-11D3-BF4B-00C04F79EFBC}") = "Curso Udemy ASP.NET MVC", "Curso Udemy ASP.NET MVC\Curso Udemy ASP.NET MVC.csproj", "{F2EF95ED-66C7-4993-8227-039A78A88B8E}"
EndProject
Global
	GlobalSection(SolutionConfigurationPlatforms) = preSolution
		Debug|Any CPU = Debug|Any CPU
		Release|Any CPU = Release|Any CPU
	EndGlobalSection
	GlobalSection(ProjectConfigurationPlatforms) = postSolution
		{F2EF95ED-66C7-4993-8227-039A78A88B8E}.Debug|Any CPU.ActiveCfg = Debug|Any CPU
		{F2EF95ED-66C7-4993-8227-039A78A88B8E}.Debug|Any CPU.Build.0 = Debug|Any CPU
		{F2EF95ED-66C7-4993-8227-039A78A88B8E}.Release|Any CPU.ActiveCfg = Release|Any CPU
		{F2EF95ED-66C7-4993-8227-039A78A88B8E}.Release|Any CPU.Build.0 = Release|Any CPU
	EndGlobalSection
	GlobalSection(SolutionProperties) = preSolution
		HideSolutionNode = FALSE
	EndGlobalSection
	GlobalSection(ExtensibilityGlobals) = postSolution
		SolutionGuid = {5D11CCD5-BBFA-4DCC-8FD8-C6A6C0DB163B}
	EndGlobalSection
EndGlobal
